
Microsoft Visual Studio Solution File, Format Version 12.00
# Visual Studio 15
VisualStudioVersion = 15.0.26403.0
MinimumVisualStudioVersion = 10.0.40219.1
Project("{FAE04EC0-301F-11D3-BF4B-00C04F79EFBC}") = "InWay", "InWay\InWay.csproj", "{71AA8797-941A-464A-9830-2EEF0892BB6E}"
EndProject
Project("{FAE04EC0-301F-11D3-BF4B-00C04F79EFBC}") = "DataAccessLayer", "DataAccessLayer\DataAccessLayer.csproj", "{E79EBBB8-9D9C-4E7D-BCA1-9B2670DF2AB8}"
EndProject
Project("{FAE04EC0-301F-11D3-BF4B-00C04F79EFBC}") = "InWay.Core", "InWay.Core\InWay.Core.csproj", "{73CEE1B5-C487-4559-BB09-ADCE56976421}"
EndProject
Global
	GlobalSection(SolutionConfigurationPlatforms) = preSolution
		Debug|Any CPU = Debug|Any CPU
		Release|Any CPU = Release|Any CPU
	EndGlobalSection
	GlobalSection(ProjectConfigurationPlatforms) = postSolution
		{71AA8797-941A-464A-9830-2EEF0892BB6E}.Debug|Any CPU.ActiveCfg = Debug|Any CPU
		{71AA8797-941A-464A-9830-2EEF0892BB6E}.Debug|Any CPU.Build.0 = Debug|Any CPU
		{71AA8797-941A-464A-9830-2EEF0892BB6E}.Release|Any CPU.ActiveCfg = Release|Any CPU
		{71AA8797-941A-464A-9830-2EEF0892BB6E}.Release|Any CPU.Build.0 = Release|Any CPU
		{E79EBBB8-9D9C-4E7D-BCA1-9B2670DF2AB8}.Debug|Any CPU.ActiveCfg = Debug|Any CPU
		{E79EBBB8-9D9C-4E7D-BCA1-9B2670DF2AB8}.Debug|Any CPU.Build.0 = Debug|Any CPU
		{E79EBBB8-9D9C-4E7D-BCA1-9B2670DF2AB8}.Release|Any CPU.ActiveCfg = Release|Any CPU
		{E79EBBB8-9D9C-4E7D-BCA1-9B2670DF2AB8}.Release|Any CPU.Build.0 = Release|Any CPU
		{73CEE1B5-C487-4559-BB09-ADCE56976421}.Debug|Any CPU.ActiveCfg = Debug|Any CPU
		{73CEE1B5-C487-4559-BB09-ADCE56976421}.Debug|Any CPU.Build.0 = Debug|Any CPU
		{73CEE1B5-C487-4559-BB09-ADCE56976421}.Release|Any CPU.ActiveCfg = Release|Any CPU
		{73CEE1B5-C487-4559-BB09-ADCE56976421}.Release|Any CPU.Build.0 = Release|Any CPU
	EndGlobalSection
	GlobalSection(SolutionProperties) = preSolution
		HideSolutionNode = FALSE
	EndGlobalSection
EndGlobal
